<?xml version="1.0" encoding="utf-8"?>
<Project xmlns="http://schemas.microsoft.com/developer/msbuild/2003">
  <ItemGroup>
    <Filter Include="Header Files">
      <UniqueIdentifier>{93995380-89BD-4b04-88EB-625FBE52EBFB}</UniqueIdentifier>
      <Extensions>h;hpp;hxx;hm;inl;inc;xsd</Extensions>
    </Filter>
    <Filter Include="Header Files">
      <UniqueIdentifier>{93995380-89BD-4b04-88EB-625FBE52EBFB}</UniqueIdentifier>
      <Extensions>h;hpp;hxx;hm;inl;inc;xsd</Extensions>
    </Filter>
    <Filter Include="Source Files">
      <UniqueIdentifier>{4FC737F1-C7A5-4376-A066-2A32D752A2FF}</UniqueIdentifier>
      <Extensions>cpp;c;cxx;def;odl;idl;hpj;bat;asm;asmx</Extensions>
    </Filter>
    <Filter Include="Source Files">
      <UniqueIdentifier>{4FC737F1-C7A5-4376-A066-2A32D752A2FF}</UniqueIdentifier>
      <Extensions>cpp;c;cxx;def;odl;idl;hpj;bat;asm;asmx</Extensions>
    </Filter>
    <Filter Include="Distribution Files">
      <UniqueIdentifier>{B83CAF91-C7BF-462F-B76C-EA11631F866C}</UniqueIdentifier>
      <Extensions>*</Extensions>
      <ParseFiles>false</ParseFiles>
    </Filter>
    <Filter Include="Distribution Files">
      <UniqueIdentifier>{B83CAF91-C7BF-462F-B76C-EA11631F866C}</UniqueIdentifier>
      <Extensions>*</Extensions>
      <ParseFiles>false</ParseFiles>
    </Filter>
  </ItemGroup>
  <ItemGroup>
    <ClCompile Include="BuffList.cpp">
      <Filter>Source Files</Filter>
    </ClCompile>
    <ClCompile Include="CNGetMsg.cpp">
      <Filter>Source Files</Filter>
    </ClCompile>
    <ClCompile Include="language\CNGetMsg.cpp">
      <Filter>Source Files</Filter>
    </ClCompile>
    <ClCompile Include="COMConn.cpp">
      <Filter>Source Files</Filter>
    </ClCompile>
    <ClCompile Include="CmdBuffer.cpp">
      <Filter>Source Files</Filter>
    </ClCompile>
    <ClCompile Include="DataProc.cpp">
      <Filter>Source Files</Filter>
    </ClCompile>
    <ClCompile Include="ENGetMsg.cpp">
      <Filter>Source Files</Filter>
    </ClCompile>
    <ClCompile Include="language\ENGetMsg.cpp">
      <Filter>Source Files</Filter>
    </ClCompile>
    <ClCompile Include="ErrorMsgFactory.cpp">
      <Filter>Source Files</Filter>
    </ClCompile>
    <ClCompile Include="language\ErrorMsgFactory.cpp">
      <Filter>Source Files</Filter>
    </ClCompile>
    <ClCompile Include="ErrorProcess.cpp">
      <Filter>Source Files</Filter>
    </ClCompile>
    <ClCompile Include="Global.cpp">
      <Filter>Source Files</Filter>
    </ClCompile>
    <ClCompile Include="IConnect.cpp">
      <Filter>Source Files</Filter>
    </ClCompile>
    <ClCompile Include="IDataProc.cpp">
      <Filter>Source Files</Filter>
    </ClCompile>
    <ClCompile Include="IFactoryConn.cpp">
      <Filter>Source Files</Filter>
    </ClCompile>
    <ClCompile Include="IGetMsgInterface.cpp">
      <Filter>Source Files</Filter>
    </ClCompile>
    <ClCompile Include="language\IGetMsgInterface.cpp">
      <Filter>Source Files</Filter>
    </ClCompile>
    <ClCompile Include="IReader.cpp">
      <Filter>Source Files</Filter>
    </ClCompile>
    <ClCompile Include="IReaderFactory.cpp">
      <Filter>Source Files</Filter>
    </ClCompile>
    <ClCompile Include="MsgManager.cpp">
      <Filter>Source Files</Filter>
    </ClCompile>
    <ClCompile Include="language\MsgManager.cpp">
      <Filter>Source Files</Filter>
    </ClCompile>
    <ClCompile Include="RFIDAPI.cpp">
      <Filter>Source Files</Filter>
    </ClCompile>
    <ClCompile Include="RFIDAPIEXPORT.cpp">
      <Filter>Source Files</Filter>
    </ClCompile>
    <ClCompile Include="RFIDCardBuffer.cpp">
      <Filter>Source Files</Filter>
    </ClCompile>
    <ClCompile Include="RFIDReader.cpp">
      <Filter>Source Files</Filter>
    </ClCompile>
    <ClCompile Include="RFIDReaderManager.cpp">
      <Filter>Source Files</Filter>
    </ClCompile>
    <ClCompile Include="SAATReaderFactory.cpp">
      <Filter>Source Files</Filter>
    </ClCompile>
    <ClCompile Include="TCPConn.cpp">
      <Filter>Source Files</Filter>
    </ClCompile>
    <ClCompile Include="TWGetMsg.cpp">
      <Filter>Source Files</Filter>
    </ClCompile>
    <ClCompile Include="language\TWGetMsg.cpp">
      <Filter>Source Files</Filter>
    </ClCompile>
    <ClCompile Include="UDPConn.cpp">
      <Filter>Source Files</Filter>
    </ClCompile>
    <ClCompile Include="USBConn.cpp">
      <Filter>Source Files</Filter>
    </ClCompile>
    <ClCompile Include="stdafx.cpp">
      <Filter>Source Files</Filter>
    </ClCompile>
  </ItemGroup>
  <ItemGroup>
    <ClInclude Include="BuffList.h">
      <Filter>Header Files</Filter>
    </ClInclude>
    <ClInclude Include="CNGetMsg.h">
      <Filter>Header Files</Filter>
    </ClInclude>
    <ClInclude Include="language\CNGetMsg.h">
      <Filter>Header Files</Filter>
    </ClInclude>
    <ClInclude Include="COMConn.h">
      <Filter>Header Files</Filter>
    </ClInclude>
    <ClInclude Include="CmdBuffer.h">
      <Filter>Header Files</Filter>
    </ClInclude>
    <ClInclude Include="DataProc.h">
      <Filter>Header Files</Filter>
    </ClInclude>
    <ClInclude Include="ENGetMsg.h">
      <Filter>Header Files</Filter>
    </ClInclude>
    <ClInclude Include="language\ENGetMsg.h">
      <Filter>Header Files</Filter>
    </ClInclude>
    <ClInclude Include="ErrorMsgFactory.h">
      <Filter>Header Files</Filter>
    </ClInclude>
    <ClInclude Include="language\ErrorMsgFactory.h">
      <Filter>Header Files</Filter>
    </ClInclude>
    <ClInclude Include="ErrorProcess.h">
      <Filter>Header Files</Filter>
    </ClInclude>
    <ClInclude Include="Global.h">
      <Filter>Header Files</Filter>
    </ClInclude>
    <ClInclude Include="IConnect.h">
      <Filter>Header Files</Filter>
    </ClInclude>
    <ClInclude Include="IDataProc.h">
      <Filter>Header Files</Filter>
    </ClInclude>
    <ClInclude Include="IFactoryConn.h">
      <Filter>Header Files</Filter>
    </ClInclude>
    <ClInclude Include="IGetMsgInterface.h">
      <Filter>Header Files</Filter>
    </ClInclude>
    <ClInclude Include="language\IGetMsgInterface.h">
      <Filter>Header Files</Filter>
    </ClInclude>
    <ClInclude Include="IReader.h">
      <Filter>Header Files</Filter>
    </ClInclude>
    <ClInclude Include="IReaderFactory.h">
      <Filter>Header Files</Filter>
    </ClInclude>
    <ClInclude Include="MsgManager.h">
      <Filter>Header Files</Filter>
    </ClInclude>
    <ClInclude Include="language\MsgManager.h">
      <Filter>Header Files</Filter>
    </ClInclude>
    <ClInclude Include="..\..\platform\RFIDAPIEXPORT.h">
      <Filter>Header Files</Filter>
    </ClInclude>
    <ClInclude Include="RFIDCardBuffer.h">
      <Filter>Header Files</Filter>
    </ClInclude>
    <ClInclude Include="RFIDReader.h">
      <Filter>Header Files</Filter>
    </ClInclude>
    <ClInclude Include="RFIDReaderManager.h">
      <Filter>Header Files</Filter>
    </ClInclude>
    <ClInclude Include="SAATReaderFactory.h">
      <Filter>Header Files</Filter>
    </ClInclude>
    <ClInclude Include="TCPConn.h">
      <Filter>Header Files</Filter>
    </ClInclude>
    <ClInclude Include="language\TWGetMsg.h">
      <Filter>Header Files</Filter>
    </ClInclude>
    <ClInclude Include="UDPConn.h">
      <Filter>Header Files</Filter>
    </ClInclude>
    <ClInclude Include="USBConn.h">
      <Filter>Header Files</Filter>
    </ClInclude>
    <ClInclude Include="stdafx.h">
      <Filter>Header Files</Filter>
    </ClInclude>
  </ItemGroup>
  <ItemGroup>
    <None Include="RFIDAPI.def">
      <Filter>Distribution Files</Filter>
    </None>
  </ItemGroup>
</Project>